github.com/tetratelabs/wazero v1.0.0-pre.1/go.mod h1:M8UDNECGm/HVjOfq0EOe4QfCY9Les1eq54IChMLETbc=
github.com/wa-lang/wa v0.2.1-dev3 h1:bfntUu6aKOifMeSz827e+11/7gfozTMBSvUgaoT7eDg=
github.com/wa-lang/wa v0.2.1-dev3/go.mod h1:VPdf67SCYV69d7am+wo+FFqGygqDGoucbZNYLNrlyIs=
github.com/wa-lang/wabt-go v1.1.0/go.mod h1:I/qIi3rHMN4ECgmZ8FzYwpNr2KfLs4TiXuTi7Ql7H3g=
